
Microsoft Visual Studio Solution File, Format Version 12.00
Project("{FAE04EC0-301F-11D3-BF4B-00C04F79EFBC}") = "Hangman", "Hangman\Hangman.csproj", "{7C3DA6D4-0E8A-466B-A9A7-3EA49F864985}"
EndProject
Global
	GlobalSection(SolutionConfigurationPlatforms) = preSolution
		Debug|Any CPU = Debug|Any CPU
		Release|Any CPU = Release|Any CPU
	EndGlobalSection
	GlobalSection(ProjectConfigurationPlatforms) = postSolution
		{7C3DA6D4-0E8A-466B-A9A7-3EA49F864985}.Debug|Any CPU.ActiveCfg = Debug|Any CPU
		{7C3DA6D4-0E8A-466B-A9A7-3EA49F864985}.Debug|Any CPU.Build.0 = Debug|Any CPU
		{7C3DA6D4-0E8A-466B-A9A7-3EA49F864985}.Release|Any CPU.ActiveCfg = Release|Any CPU
		{7C3DA6D4-0E8A-466B-A9A7-3EA49F864985}.Release|Any CPU.Build.0 = Release|Any CPU
	EndGlobalSection
EndGlobal
